<?xml version="1.0" encoding="utf-8"?>
<Project ToolsVersion="4.0" xmlns="http://schemas.microsoft.com/developer/msbuild/2003">
  <ItemGroup>
    <Filter Include="src">
      <UniqueIdentifier>{77d637ec-d143-4458-8196-6c585f44d22f}</UniqueIdentifier>
    </Filter>
    <Filter Include="src\NN">
      <UniqueIdentifier>{e65e1995-37e0-40a4-a680-dd417639db65}</UniqueIdentifier>
    </Filter>
  </ItemGroup>
  <ItemGroup>
    <ClCompile Include="src\NN\NN.cu">
      <Filter>src\NN</Filter>
    </ClCompile>
  </ItemGroup>
  <ItemGroup>
    <ClInclude Include="src\NN\NN.cuh">
      <Filter>src\NN</Filter>
    </ClInclude>
    <ClInclude Include="src\Shared\Activation.cuh" />
    <ClInclude Include="src\Shared\Utills.cuh" />
    <ClInclude Include="src\NN\Layer\ConvLayer.cuh" />
    <ClInclude Include="src\NN\Layer\DenseLayer.cuh" />
    <ClInclude Include="src\NN\Layer\Flatten.cuh" />
    <ClInclude Include="src\NN\Layer\Layer.cuh" />
    <ClInclude Include="src\CudaEngine\Layers\CuLayer.cuh" />
    <ClInclude Include="src\CudaEngine\Layers\CuDenseLayer.cuh" />
    <ClInclude Include="src\Shared\DataStructs.cuh" />
    <ClInclude Include="src\CudaEngine\CuUtills.cuh" />
    <ClInclude Include="src\CudaEngine\Layers\CuConvLayer.cuh" />
    <ClInclude Include="src\CudaEngine\Layers\CuFlattenedLayer.cuh" />
  </ItemGroup>
  <ItemGroup>
    <CudaCompile Include="src\Shared\Utills.cu" />
    <CudaCompile Include="src\NN\Layer\ConvLayer.cu" />
    <CudaCompile Include="src\NN\Layer\DenseLayer.cu" />
    <CudaCompile Include="src\NN\Layer\Flatten.cu" />
    <CudaCompile Include="src\NN\Layer\Layer.cu" />
    <CudaCompile Include="src\CudaEngine\Layers\CuLayer.cu" />
    <CudaCompile Include="src\CudaEngine\Layers\CuDenseLayer.cu" />
    <CudaCompile Include="src\CudaEngine\CuUtills.cu" />
    <CudaCompile Include="src\CudaEngine\Layers\CuConvLayer.cu" />
    <CudaCompile Include="src\CudaEngine\Layers\CuFlattenedLayer.cu" />
  </ItemGroup>
</Project>